
Microsoft Visual Studio Solution File, Format Version 12.00
# Visual Studio 15
VisualStudioVersion = 15.0.27703.2042
MinimumVisualStudioVersion = 10.0.40219.1
Project("{FAE04EC0-301F-11D3-BF4B-00C04F79EFBC}") = "VkNet.BotsLongPollExtension", "VkNet.BotsLongPollExtension\VkNet.BotsLongPollExtension.csproj", "{39CF8E7A-F588-49B9-85CB-3238D9941FE2}"
EndProject
Project("{FAE04EC0-301F-11D3-BF4B-00C04F79EFBC}") = "VkNet.BotsLongPollExtentionExample", "VkNet.BotsLongPollExtentionExample\VkNet.BotsLongPollExtentionExample.csproj", "{878BE70A-41DD-4C0E-B26B-538D68F6382F}"
EndProject
Global
	GlobalSection(SolutionConfigurationPlatforms) = preSolution
		Debug|Any CPU = Debug|Any CPU
		Release|Any CPU = Release|Any CPU
	EndGlobalSection
	GlobalSection(ProjectConfigurationPlatforms) = postSolution
		{39CF8E7A-F588-49B9-85CB-3238D9941FE2}.Debug|Any CPU.ActiveCfg = Debug|Any CPU
		{39CF8E7A-F588-49B9-85CB-3238D9941FE2}.Debug|Any CPU.Build.0 = Debug|Any CPU
		{39CF8E7A-F588-49B9-85CB-3238D9941FE2}.Release|Any CPU.ActiveCfg = Release|Any CPU
		{39CF8E7A-F588-49B9-85CB-3238D9941FE2}.Release|Any CPU.Build.0 = Release|Any CPU
		{878BE70A-41DD-4C0E-B26B-538D68F6382F}.Debug|Any CPU.ActiveCfg = Debug|Any CPU
		{878BE70A-41DD-4C0E-B26B-538D68F6382F}.Debug|Any CPU.Build.0 = Debug|Any CPU
		{878BE70A-41DD-4C0E-B26B-538D68F6382F}.Release|Any CPU.ActiveCfg = Release|Any CPU
		{878BE70A-41DD-4C0E-B26B-538D68F6382F}.Release|Any CPU.Build.0 = Release|Any CPU
	EndGlobalSection
	GlobalSection(SolutionProperties) = preSolution
		HideSolutionNode = FALSE
	EndGlobalSection
	GlobalSection(ExtensibilityGlobals) = postSolution
		SolutionGuid = {4C2579C8-D9AD-47DD-A01F-1FEE8961B6F0}
	EndGlobalSection
EndGlobal
